
Microsoft Visual Studio Solution File, Format Version 12.00
# Visual Studio Version 17
VisualStudioVersion = 17.3.32825.248
MinimumVisualStudioVersion = 10.0.40219.1
Project("{FAE04EC0-301F-11D3-BF4B-00C04F79EFBC}") = "Assignment1", "Assignment1\Assignment1.csproj", "{6C67CE25-DBE3-4C64-9035-A5C473238AC7}"
EndProject
Global
	GlobalSection(SolutionConfigurationPlatforms) = preSolution
		Debug|Any CPU = Debug|Any CPU
		Release|Any CPU = Release|Any CPU
	EndGlobalSection
	GlobalSection(ProjectConfigurationPlatforms) = postSolution
		{6C67CE25-DBE3-4C64-9035-A5C473238AC7}.Debug|Any CPU.ActiveCfg = Debug|Any CPU
		{6C67CE25-DBE3-4C64-9035-A5C473238AC7}.Debug|Any CPU.Build.0 = Debug|Any CPU
		{6C67CE25-DBE3-4C64-9035-A5C473238AC7}.Release|Any CPU.ActiveCfg = Release|Any CPU
		{6C67CE25-DBE3-4C64-9035-A5C473238AC7}.Release|Any CPU.Build.0 = Release|Any CPU
	EndGlobalSection
	GlobalSection(SolutionProperties) = preSolution
		HideSolutionNode = FALSE
	EndGlobalSection
	GlobalSection(ExtensibilityGlobals) = postSolution
		SolutionGuid = {7BAE638D-61C7-4708-A00F-99658A2A4D78}
	EndGlobalSection
EndGlobal
